
Microsoft Visual Studio Solution File, Format Version 12.00
# Visual Studio Version 17
VisualStudioVersion = 17.2.32630.192
MinimumVisualStudioVersion = 10.0.40219.1
Project("{9A19103F-16F7-4668-BE54-9A1E7A4F7556}") = "Hangfire.Web", "Hangfire.Web\Hangfire.Web.csproj", "{8A7F194D-4FB3-460C-9CEF-56656A723BD1}"
EndProject
Project("{FAE04EC0-301F-11D3-BF4B-00C04F79EFBC}") = "RateLimit.Api", "RateLimit.Api\RateLimit.Api.csproj", "{0D561B62-81EB-4373-97B4-76FA0C3C7346}"
EndProject
Global
	GlobalSection(SolutionConfigurationPlatforms) = preSolution
		Debug|Any CPU = Debug|Any CPU
		Release|Any CPU = Release|Any CPU
	EndGlobalSection
	GlobalSection(ProjectConfigurationPlatforms) = postSolution
		{8A7F194D-4FB3-460C-9CEF-56656A723BD1}.Debug|Any CPU.ActiveCfg = Debug|Any CPU
		{8A7F194D-4FB3-460C-9CEF-56656A723BD1}.Debug|Any CPU.Build.0 = Debug|Any CPU
		{8A7F194D-4FB3-460C-9CEF-56656A723BD1}.Release|Any CPU.ActiveCfg = Release|Any CPU
		{8A7F194D-4FB3-460C-9CEF-56656A723BD1}.Release|Any CPU.Build.0 = Release|Any CPU
		{0D561B62-81EB-4373-97B4-76FA0C3C7346}.Debug|Any CPU.ActiveCfg = Debug|Any CPU
		{0D561B62-81EB-4373-97B4-76FA0C3C7346}.Debug|Any CPU.Build.0 = Debug|Any CPU
		{0D561B62-81EB-4373-97B4-76FA0C3C7346}.Release|Any CPU.ActiveCfg = Release|Any CPU
		{0D561B62-81EB-4373-97B4-76FA0C3C7346}.Release|Any CPU.Build.0 = Release|Any CPU
	EndGlobalSection
	GlobalSection(SolutionProperties) = preSolution
		HideSolutionNode = FALSE
	EndGlobalSection
	GlobalSection(ExtensibilityGlobals) = postSolution
		SolutionGuid = {E33DF563-CA6B-4B87-A1B0-EC7BAE0FBB16}
	EndGlobalSection
EndGlobal
